
Microsoft Visual Studio Solution File, Format Version 12.00
# Visual Studio Version 16
VisualStudioVersion = 16.0.31019.35
MinimumVisualStudioVersion = 10.0.40219.1
Project("{9A19103F-16F7-4668-BE54-9A1E7A4F7556}") = "foodbank-website", "foodbank-website\foodbank-website.csproj", "{B41010F0-9328-43F8-BB9B-69F888925221}"
EndProject
Global
	GlobalSection(SolutionConfigurationPlatforms) = preSolution
		Debug|Any CPU = Debug|Any CPU
		Release|Any CPU = Release|Any CPU
	EndGlobalSection
	GlobalSection(ProjectConfigurationPlatforms) = postSolution
		{B41010F0-9328-43F8-BB9B-69F888925221}.Debug|Any CPU.ActiveCfg = Debug|Any CPU
		{B41010F0-9328-43F8-BB9B-69F888925221}.Debug|Any CPU.Build.0 = Debug|Any CPU
		{B41010F0-9328-43F8-BB9B-69F888925221}.Release|Any CPU.ActiveCfg = Release|Any CPU
		{B41010F0-9328-43F8-BB9B-69F888925221}.Release|Any CPU.Build.0 = Release|Any CPU
	EndGlobalSection
	GlobalSection(SolutionProperties) = preSolution
		HideSolutionNode = FALSE
	EndGlobalSection
	GlobalSection(ExtensibilityGlobals) = postSolution
		SolutionGuid = {B8D6D668-506E-4949-A8E1-7A31FAF9D4CD}
	EndGlobalSection
EndGlobal
